<Solution>
  <Folder Name="/Clients/" />
  <Folder Name="/Clients/Events/">
    <Project Path="G2H.EventEnvelope.Client.Tests.Acceptance/G2H.EventEnvelope.Client.Tests.Acceptance.csproj" Id="b99830ff-19e7-4c75-be58-63ac85a650b7" />
    <Project Path="G2H.EventEnvelope.Client.Tests.Unit/G2H.EventEnvelope.Client.Tests.Unit.csproj" Id="6eb072e4-0850-4511-9f23-d4a25a6d6f42" />
    <Project Path="G2H.EventEnvelope.Client/G2H.EventEnvelope.Client.csproj" Id="86b6bfb3-af9c-45af-85bc-b91b1137c203" />
  </Folder>
  <Folder Name="/Clients/Security/">
    <Project Path="Clients/SecurityClients/G2H.Security.Client.Infrastructure/G2H.Security.Client.Infrastructure.csproj" />
    <Project Path="Clients/SecurityClients/G2H.Security.Client.Tests.Acceptance/G2H.Security.Client.Tests.Acceptance.csproj" />
    <Project Path="Clients/SecurityClients/G2H.Security.Client.Tests.Unit/G2H.Security.Client.Tests.Unit.csproj" />
    <Project Path="Clients/SecurityClients/G2H.Security.Client/G2H.Security.Client.csproj" />
  </Folder>
  <Folder Name="/Clients/Storage/">
    <Project Path="Clients/StorageClients/G2H.StorageClient.Infrastructure/G2H.StorageClient.Infrastructure.csproj" />
    <Project Path="Clients/StorageClients/G2H.StorageClient.Tests.Acceptance/G2H.StorageClient.Tests.Acceptance.csproj" />
    <Project Path="Clients/StorageClients/G2H.StorageClient.Tests.Integrations/G2H.StorageClient.Tests.Integrations.csproj" />
    <Project Path="Clients/StorageClients/G2H.StorageClient.Tests.Unit/G2H.StorageClient.Tests.Unit.csproj" />
    <Project Path="Clients/StorageClients/G2H.StorageClient/G2H.StorageClient.csproj" />
  </Folder>
  <Folder Name="/Core/">
    <Project Path="Glory2Him.Core.Infrastructure/Glory2Him.Core.Infrastructure.csproj" />
    <Project Path="Glory2Him.Core.Tests.Acceptance/Glory2Him.Core.Tests.Acceptance.csproj" />
    <Project Path="Glory2Him.Core.Tests.Integration/Glory2Him.Core.Tests.Integration.csproj" />
    <Project Path="Glory2Him.Core.Tests.Unit/Glory2Him.Core.Tests.Unit.csproj" />
    <Project Path="Glory2Him.Core/Glory2Him.Core.csproj" />
  </Folder>
  <Folder Name="/Documentation/">
    <File Path="Documentation/G2H Design.md" />
    <File Path="Documentation/Glory 2 Him.drawio" />
  </Folder>
  <Folder Name="/Documentation/Prompts/">
    <File Path="Documentation/Prompt-CreateFoundationService.md" />
  </Folder>
  <Folder Name="/Websites/">
    <Project Path="Websites/Glory2Him.WebApp.React/Glory2Him.WebApp.React.esproj">
      <Build />
      <Deploy />
    </Project>
    <Project Path="Websites/Glory2Him.WebApp.Tests.Unit/Glory2Him.WebApp.Tests.Unit.csproj" />
    <Project Path="Websites/Glory2Him.WebApp/Glory2Him.WebApp.csproj" />
  </Folder>
</Solution>
